
Microsoft Visual Studio Solution File, Format Version 12.00
# Visual Studio Version 16
VisualStudioVersion = 16.0.31321.278
MinimumVisualStudioVersion = 10.0.40219.1
Project("{FAE04EC0-301F-11D3-BF4B-00C04F79EFBC}") = "TestTask", "TestTask\TestTask.csproj", "{B4CBE022-AF8E-4DFD-A944-76A1EA213221}"
EndProject
Global
	GlobalSection(SolutionConfigurationPlatforms) = preSolution
		Debug|Any CPU = Debug|Any CPU
		Release|Any CPU = Release|Any CPU
	EndGlobalSection
	GlobalSection(ProjectConfigurationPlatforms) = postSolution
		{B4CBE022-AF8E-4DFD-A944-76A1EA213221}.Debug|Any CPU.ActiveCfg = Debug|Any CPU
		{B4CBE022-AF8E-4DFD-A944-76A1EA213221}.Debug|Any CPU.Build.0 = Debug|Any CPU
		{B4CBE022-AF8E-4DFD-A944-76A1EA213221}.Release|Any CPU.ActiveCfg = Release|Any CPU
		{B4CBE022-AF8E-4DFD-A944-76A1EA213221}.Release|Any CPU.Build.0 = Release|Any CPU
	EndGlobalSection
	GlobalSection(SolutionProperties) = preSolution
		HideSolutionNode = FALSE
	EndGlobalSection
	GlobalSection(ExtensibilityGlobals) = postSolution
		SolutionGuid = {E25FBB49-B018-4BDA-A6D0-D56B0B8C2C5D}
	EndGlobalSection
EndGlobal
